
Microsoft Visual Studio Solution File, Format Version 12.00
# Visual Studio 15
VisualStudioVersion = 15.0.27703.2035
MinimumVisualStudioVersion = 10.0.40219.1
Project("{FAE04EC0-301F-11D3-BF4B-00C04F79EFBC}") = "MARE", "MARE\MARE.csproj", "{71D8BCA3-2A42-4106-AF5D-3D082F13C737}"
EndProject
Global
	GlobalSection(SolutionConfigurationPlatforms) = preSolution
		Debug|Any CPU = Debug|Any CPU
		Release|Any CPU = Release|Any CPU
	EndGlobalSection
	GlobalSection(ProjectConfigurationPlatforms) = postSolution
		{71D8BCA3-2A42-4106-AF5D-3D082F13C737}.Debug|Any CPU.ActiveCfg = Debug|Any CPU
		{71D8BCA3-2A42-4106-AF5D-3D082F13C737}.Debug|Any CPU.Build.0 = Debug|Any CPU
		{71D8BCA3-2A42-4106-AF5D-3D082F13C737}.Release|Any CPU.ActiveCfg = Release|Any CPU
		{71D8BCA3-2A42-4106-AF5D-3D082F13C737}.Release|Any CPU.Build.0 = Release|Any CPU
	EndGlobalSection
	GlobalSection(SolutionProperties) = preSolution
		HideSolutionNode = FALSE
	EndGlobalSection
	GlobalSection(ExtensibilityGlobals) = postSolution
		SolutionGuid = {1C237A94-8B12-4083-A8A8-934325E3672C}
	EndGlobalSection
EndGlobal
